
Microsoft Visual Studio Solution File, Format Version 12.00
# Visual Studio Version 16
VisualStudioVersion = 16.0.28803.202
MinimumVisualStudioVersion = 10.0.40219.1
Project("{9A19103F-16F7-4668-BE54-9A1E7A4F7556}") = "UMA", "UMA\UMA.csproj", "{023BE750-2304-427A-9ED4-9188D2CDB817}"
EndProject
Project("{9A19103F-16F7-4668-BE54-9A1E7A4F7556}") = "UMA.Infrastructure", "UMA.Infrastructure\UMA.Infrastructure.csproj", "{93E05660-C6E5-41AF-AB00-8145488B2EF6}"
EndProject
Project("{9A19103F-16F7-4668-BE54-9A1E7A4F7556}") = "UMA.Persistence.Identity", "UMA.Persistence.Identity\UMA.Persistence.Identity.csproj", "{18824C0D-B572-4E08-A9FA-9620A5967F97}"
EndProject
Project("{9A19103F-16F7-4668-BE54-9A1E7A4F7556}") = "UMA.App.IdentityManager", "UMA.App.IdentityManager\UMA.App.IdentityManager.csproj", "{A2BDC541-358D-40ED-A583-C4D644ECE454}"
EndProject
Project("{9A19103F-16F7-4668-BE54-9A1E7A4F7556}") = "UMA.Persistence.Common", "UMA.Persistence.Common\UMA.Persistence.Common.csproj", "{926C564A-A094-4B2C-9815-E3B62B85F4B2}"
EndProject
Project("{2150E333-8FDC-42A3-9474-1A3956D46DE8}") = "01. Infrastructure", "01. Infrastructure", "{152FC7DB-89BE-4C77-BCB8-4D6312497EFF}"
EndProject
Project("{2150E333-8FDC-42A3-9474-1A3956D46DE8}") = "02. Core", "02. Core", "{5D198D8E-480A-491C-A11B-C3475C37AB79}"
EndProject
Project("{2150E333-8FDC-42A3-9474-1A3956D46DE8}") = "03. Presentation", "03. Presentation", "{6205AD81-8429-4F0E-995D-C5C6D6F33E97}"
EndProject
Project("{9A19103F-16F7-4668-BE54-9A1E7A4F7556}") = "UMA.Web.Api", "UMA.Web.Api\UMA.Web.Api.csproj", "{2A5B7B2D-646E-4B61-B891-28B9430E3229}"
EndProject
Project("{9A19103F-16F7-4668-BE54-9A1E7A4F7556}") = "UMA.App.Common", "UMA.App.Common\UMA.App.Common.csproj", "{AB5CC784-69AD-4E01-BF37-5F6EA18ED308}"
EndProject
Project("{2150E333-8FDC-42A3-9474-1A3956D46DE8}") = "04. Tools", "04. Tools", "{CEC108C4-A35A-42A9-80B3-F3CBDBA485AB}"
EndProject
Project("{9A19103F-16F7-4668-BE54-9A1E7A4F7556}") = "UMA.ToolBox", "UMA.ToolBox\UMA.ToolBox.csproj", "{8D969ADC-ECF5-4102-AD60-61AFB95B966C}"
EndProject
Project("{2150E333-8FDC-42A3-9474-1A3956D46DE8}") = "UMA.Web.Angular", "UMA.Web.Angular", "{D625B3C2-1AB8-4C46-AC9A-BC8C9DF9DC0D}"
	ProjectSection(SolutionItems) = preProject
		UMA.Web.Angular\READ.ME = UMA.Web.Angular\READ.ME
	EndProjectSection
EndProject
Project("{2150E333-8FDC-42A3-9474-1A3956D46DE8}") = "App", "App", "{509CEB9C-565C-4844-B2CB-D3F2FAC1EBAC}"
EndProject
Project("{2150E333-8FDC-42A3-9474-1A3956D46DE8}") = "Domain", "Domain", "{860B71F0-5667-4641-8137-BDF353288848}"
EndProject
Project("{2150E333-8FDC-42A3-9474-1A3956D46DE8}") = "Persistence", "Persistence", "{EDF06795-738A-4652-8C3C-6F5FA15EC9A2}"
EndProject
Project("{FAE04EC0-301F-11D3-BF4B-00C04F79EFBC}") = "UMA.Domain.Common", "UMA.Domain.Common\UMA.Domain.Common.csproj", "{326F78C2-BE8E-4FAD-86A3-FA99EA908642}"
EndProject
Project("{FAE04EC0-301F-11D3-BF4B-00C04F79EFBC}") = "UMA.Domain.Identity", "UMA.Domain.Identity\UMA.Domain.Identity.csproj", "{850F4211-C13C-4E8C-8038-4B5081EEC8BA}"
EndProject
Global
	GlobalSection(SolutionConfigurationPlatforms) = preSolution
		Debug|Any CPU = Debug|Any CPU
		Release|Any CPU = Release|Any CPU
	EndGlobalSection
	GlobalSection(ProjectConfigurationPlatforms) = postSolution
		{023BE750-2304-427A-9ED4-9188D2CDB817}.Debug|Any CPU.ActiveCfg = Debug|Any CPU
		{023BE750-2304-427A-9ED4-9188D2CDB817}.Debug|Any CPU.Build.0 = Debug|Any CPU
		{023BE750-2304-427A-9ED4-9188D2CDB817}.Release|Any CPU.ActiveCfg = Release|Any CPU
		{023BE750-2304-427A-9ED4-9188D2CDB817}.Release|Any CPU.Build.0 = Release|Any CPU
		{93E05660-C6E5-41AF-AB00-8145488B2EF6}.Debug|Any CPU.ActiveCfg = Debug|Any CPU
		{93E05660-C6E5-41AF-AB00-8145488B2EF6}.Debug|Any CPU.Build.0 = Debug|Any CPU
		{93E05660-C6E5-41AF-AB00-8145488B2EF6}.Release|Any CPU.ActiveCfg = Release|Any CPU
		{93E05660-C6E5-41AF-AB00-8145488B2EF6}.Release|Any CPU.Build.0 = Release|Any CPU
		{18824C0D-B572-4E08-A9FA-9620A5967F97}.Debug|Any CPU.ActiveCfg = Debug|Any CPU
		{18824C0D-B572-4E08-A9FA-9620A5967F97}.Debug|Any CPU.Build.0 = Debug|Any CPU
		{18824C0D-B572-4E08-A9FA-9620A5967F97}.Release|Any CPU.ActiveCfg = Release|Any CPU
		{18824C0D-B572-4E08-A9FA-9620A5967F97}.Release|Any CPU.Build.0 = Release|Any CPU
		{A2BDC541-358D-40ED-A583-C4D644ECE454}.Debug|Any CPU.ActiveCfg = Debug|Any CPU
		{A2BDC541-358D-40ED-A583-C4D644ECE454}.Debug|Any CPU.Build.0 = Debug|Any CPU
		{A2BDC541-358D-40ED-A583-C4D644ECE454}.Release|Any CPU.ActiveCfg = Release|Any CPU
		{A2BDC541-358D-40ED-A583-C4D644ECE454}.Release|Any CPU.Build.0 = Release|Any CPU
		{926C564A-A094-4B2C-9815-E3B62B85F4B2}.Debug|Any CPU.ActiveCfg = Debug|Any CPU
		{926C564A-A094-4B2C-9815-E3B62B85F4B2}.Debug|Any CPU.Build.0 = Debug|Any CPU
		{926C564A-A094-4B2C-9815-E3B62B85F4B2}.Release|Any CPU.ActiveCfg = Release|Any CPU
		{926C564A-A094-4B2C-9815-E3B62B85F4B2}.Release|Any CPU.Build.0 = Release|Any CPU
		{2A5B7B2D-646E-4B61-B891-28B9430E3229}.Debug|Any CPU.ActiveCfg = Debug|Any CPU
		{2A5B7B2D-646E-4B61-B891-28B9430E3229}.Debug|Any CPU.Build.0 = Debug|Any CPU
		{2A5B7B2D-646E-4B61-B891-28B9430E3229}.Release|Any CPU.ActiveCfg = Release|Any CPU
		{2A5B7B2D-646E-4B61-B891-28B9430E3229}.Release|Any CPU.Build.0 = Release|Any CPU
		{AB5CC784-69AD-4E01-BF37-5F6EA18ED308}.Debug|Any CPU.ActiveCfg = Debug|Any CPU
		{AB5CC784-69AD-4E01-BF37-5F6EA18ED308}.Debug|Any CPU.Build.0 = Debug|Any CPU
		{AB5CC784-69AD-4E01-BF37-5F6EA18ED308}.Release|Any CPU.ActiveCfg = Release|Any CPU
		{AB5CC784-69AD-4E01-BF37-5F6EA18ED308}.Release|Any CPU.Build.0 = Release|Any CPU
		{8D969ADC-ECF5-4102-AD60-61AFB95B966C}.Debug|Any CPU.ActiveCfg = Debug|Any CPU
		{8D969ADC-ECF5-4102-AD60-61AFB95B966C}.Debug|Any CPU.Build.0 = Debug|Any CPU
		{8D969ADC-ECF5-4102-AD60-61AFB95B966C}.Release|Any CPU.ActiveCfg = Release|Any CPU
		{8D969ADC-ECF5-4102-AD60-61AFB95B966C}.Release|Any CPU.Build.0 = Release|Any CPU
		{326F78C2-BE8E-4FAD-86A3-FA99EA908642}.Debug|Any CPU.ActiveCfg = Debug|Any CPU
		{326F78C2-BE8E-4FAD-86A3-FA99EA908642}.Debug|Any CPU.Build.0 = Debug|Any CPU
		{326F78C2-BE8E-4FAD-86A3-FA99EA908642}.Release|Any CPU.ActiveCfg = Release|Any CPU
		{326F78C2-BE8E-4FAD-86A3-FA99EA908642}.Release|Any CPU.Build.0 = Release|Any CPU
		{850F4211-C13C-4E8C-8038-4B5081EEC8BA}.Debug|Any CPU.ActiveCfg = Debug|Any CPU
		{850F4211-C13C-4E8C-8038-4B5081EEC8BA}.Debug|Any CPU.Build.0 = Debug|Any CPU
		{850F4211-C13C-4E8C-8038-4B5081EEC8BA}.Release|Any CPU.ActiveCfg = Release|Any CPU
		{850F4211-C13C-4E8C-8038-4B5081EEC8BA}.Release|Any CPU.Build.0 = Release|Any CPU
	EndGlobalSection
	GlobalSection(SolutionProperties) = preSolution
		HideSolutionNode = FALSE
	EndGlobalSection
	GlobalSection(NestedProjects) = preSolution
		{023BE750-2304-427A-9ED4-9188D2CDB817} = {6205AD81-8429-4F0E-995D-C5C6D6F33E97}
		{93E05660-C6E5-41AF-AB00-8145488B2EF6} = {152FC7DB-89BE-4C77-BCB8-4D6312497EFF}
		{18824C0D-B572-4E08-A9FA-9620A5967F97} = {EDF06795-738A-4652-8C3C-6F5FA15EC9A2}
		{A2BDC541-358D-40ED-A583-C4D644ECE454} = {509CEB9C-565C-4844-B2CB-D3F2FAC1EBAC}
		{926C564A-A094-4B2C-9815-E3B62B85F4B2} = {EDF06795-738A-4652-8C3C-6F5FA15EC9A2}
		{2A5B7B2D-646E-4B61-B891-28B9430E3229} = {6205AD81-8429-4F0E-995D-C5C6D6F33E97}
		{AB5CC784-69AD-4E01-BF37-5F6EA18ED308} = {509CEB9C-565C-4844-B2CB-D3F2FAC1EBAC}
		{8D969ADC-ECF5-4102-AD60-61AFB95B966C} = {CEC108C4-A35A-42A9-80B3-F3CBDBA485AB}
		{D625B3C2-1AB8-4C46-AC9A-BC8C9DF9DC0D} = {6205AD81-8429-4F0E-995D-C5C6D6F33E97}
		{509CEB9C-565C-4844-B2CB-D3F2FAC1EBAC} = {5D198D8E-480A-491C-A11B-C3475C37AB79}
		{860B71F0-5667-4641-8137-BDF353288848} = {5D198D8E-480A-491C-A11B-C3475C37AB79}
		{EDF06795-738A-4652-8C3C-6F5FA15EC9A2} = {152FC7DB-89BE-4C77-BCB8-4D6312497EFF}
		{326F78C2-BE8E-4FAD-86A3-FA99EA908642} = {860B71F0-5667-4641-8137-BDF353288848}
		{850F4211-C13C-4E8C-8038-4B5081EEC8BA} = {860B71F0-5667-4641-8137-BDF353288848}
	EndGlobalSection
	GlobalSection(ExtensibilityGlobals) = postSolution
		SolutionGuid = {648474A2-939F-4831-8693-D783B068C0A3}
	EndGlobalSection
EndGlobal
